
Microsoft Visual Studio Solution File, Format Version 12.00
# Visual Studio Version 16
VisualStudioVersion = 16.0.30330.147
MinimumVisualStudioVersion = 10.0.40219.1
Project("{FAE04EC0-301F-11D3-BF4B-00C04F79EFBC}") = "AdayTest", "AdayTest\AdayTest.csproj", "{735B6D39-A712-4913-AFFA-657263362C1C}"
EndProject
Global
	GlobalSection(SolutionConfigurationPlatforms) = preSolution
		Debug|Any CPU = Debug|Any CPU
		Release|Any CPU = Release|Any CPU
	EndGlobalSection
	GlobalSection(ProjectConfigurationPlatforms) = postSolution
		{735B6D39-A712-4913-AFFA-657263362C1C}.Debug|Any CPU.ActiveCfg = Debug|Any CPU
		{735B6D39-A712-4913-AFFA-657263362C1C}.Debug|Any CPU.Build.0 = Debug|Any CPU
		{735B6D39-A712-4913-AFFA-657263362C1C}.Release|Any CPU.ActiveCfg = Release|Any CPU
		{735B6D39-A712-4913-AFFA-657263362C1C}.Release|Any CPU.Build.0 = Release|Any CPU
	EndGlobalSection
	GlobalSection(SolutionProperties) = preSolution
		HideSolutionNode = FALSE
	EndGlobalSection
	GlobalSection(ExtensibilityGlobals) = postSolution
		SolutionGuid = {789E9836-6EE4-4B5E-8B6C-BB373C2F54FE}
	EndGlobalSection
EndGlobal
